
Microsoft Visual Studio Solution File, Format Version 12.00
# Visual Studio 15
VisualStudioVersion = 15.0.27703.2047
MinimumVisualStudioVersion = 10.0.40219.1
Project("{159641D6-6404-4A2A-AE62-294DE0FE8301}") = "QuickBooks Integration", "QuickBooks Integration\QuickBooks Integration.dtproj", "{50539BAF-7AE8-46EB-AB9C-4652EB05B7B2}"
EndProject
Global
	GlobalSection(SolutionConfigurationPlatforms) = preSolution
		Development|Default = Development|Default
	EndGlobalSection
	GlobalSection(ProjectConfigurationPlatforms) = postSolution
		{50539BAF-7AE8-46EB-AB9C-4652EB05B7B2}.Development|Default.ActiveCfg = Development
		{50539BAF-7AE8-46EB-AB9C-4652EB05B7B2}.Development|Default.Build.0 = Development
	EndGlobalSection
	GlobalSection(SolutionProperties) = preSolution
		HideSolutionNode = FALSE
	EndGlobalSection
	GlobalSection(ExtensibilityGlobals) = postSolution
		SolutionGuid = {F4A6C91F-69FB-45D4-837D-9C516405D543}
	EndGlobalSection
EndGlobal
